PODS:
  - Nimble (10.0.0)
  - Quick (5.0.1)

DEPENDENCIES:
  - Nimble
  - Quick

SPEC REPOS:
  trunk:
    - Nimble
    - Quick

SPEC CHECKSUMS:
  Nimble: 5316ef81a170ce87baf72dd961f22f89a602ff84
  Quick: 749aa754fd1e7d984f2000fe051e18a3a9809179

PODFILE CHECKSUM: 744875abe9dff6e0483d2a082dbaf860c6e812bb

COCOAPODS: 1.11.3
